// !$*UTF8*$!
{
	archiveVersion = 1;
	classes = {
	};
	objectVersion = 46;
	objects = {

/* Begin PBXBuildFile section */
		8016A4821A8028CC004D8D3A /* main.m in Sources */ = {isa = PBXBuildFile; fileRef = 8016A4811A8028CC004D8D3A /* main.m */; };
		8016A4851A8028CC004D8D3A /* AppDelegate.m in Sources */ = {isa = PBXBuildFile; fileRef = 8016A4841A8028CC004D8D3A /* AppDelegate.m */; };
		8016A4881A8028CC004D8D3A /* ViewController.m in Sources */ = {isa = PBXBuildFile; fileRef = 8016A4871A8028CC004D8D3A /* ViewController.m */; };
		8016A48B1A8028CC004D8D3A /* Main.storyboard in Resources */ = {isa = PBXBuildFile; fileRef = 8016A4891A8028CC004D8D3A /* Main.storyboard */; };
		8016A48D1A8028CC004D8D3A /* Images.xcassets in Resources */ = {isa = PBXBuildFile; fileRef = 8016A48C1A8028CC004D8D3A /* Images.xcassets */; };
		8016A4901A8028CC004D8D3A /* LaunchScreen.xib in Resources */ = {isa = PBXBuildFile; fileRef = 8016A48E1A8028CC004D8D3A /* LaunchScreen.xib */; };
		8016A49C1A8028CC004D8D3A /* GitHubNetworkingTests.m in Sources */ = {isa = PBXBuildFile; fileRef = 8016A49B1A8028CC004D8D3A /* GitHubNetworkingTests.m */; };
/* End PBXBuildFile section */

/* Begin PBXContainerItemProxy section */
		8016A4961A8028CC004D8D3A /* PBXContainerItemProxy */ = {
			isa = PBXContainerItemProxy;
			containerPortal = 8016A4741A8028CB004D8D3A /* Project object */;
			proxyType = 1;
			remoteGlobalIDString = 8016A47B1A8028CB004D8D3A;
			remoteInfo = GitHubNetworking;
		};
/* End PBXContainerItemProxy section */

/* Begin PBXFileReference section */
		8016A47C1A8028CC004D8D3A /* GitHubNetworking.app */ = {isa = PBXFileReference; explicitFileType = wrapper.application; includeInIndex = 0; path = GitHubNetworking.app; sourceTree = BUILT_PRODUCTS_DIR; };
		8016A4801A8028CC004D8D3A /* Info.plist */ = {isa = PBXFileReference; lastKnownFileType = text.plist.xml; path = Info.plist; sourceTree = "<group>"; };
		8016A4811A8028CC004D8D3A /* main.m */ = {isa = PBXFileReference; lastKnownFileType = sourcecode.c.objc; path = main.m; sourceTree = "<group>"; };
		8016A4831A8028CC004D8D3A /* AppDelegate.h */ = {isa = PBXFileReference; lastKnownFileType = sourcecode.c.h; path = AppDelegate.h; sourceTree = "<group>"; };
		8016A4841A8028CC004D8D3A /* AppDelegate.m */ = {isa = PBXFileReference; lastKnownFileType = sourcecode.c.objc; path = AppDelegate.m; sourceTree = "<group>"; };
		8016A4861A8028CC004D8D3A /* ViewController.h */ = {isa = PBXFileReference; lastKnownFileType = sourcecode.c.h; path = ViewController.h; sourceTree = "<group>"; };
		8016A4871A8028CC004D8D3A /* ViewController.m */ = {isa = PBXFileReference; lastKnownFileType = sourcecode.c.objc; path = ViewController.m; sourceTree = "<group>"; };
		8016A48A1A8028CC004D8D3A /* Base */ = {isa = PBXFileReference; lastKnownFileType = file.storyboard; name = Base; path = Base.lproj/Main.storyboard; sourceTree = "<group>"; };
		8016A48C1A8028CC004D8D3A /* Images.xcassets */ = {isa = PBXFileReference; lastKnownFileType = folder.assetcatalog; path = Images.xcassets; sourceTree = "<group>"; };
		8016A48F1A8028CC004D8D3A /* Base */ = {isa = PBXFileReference; lastKnownFileType = file.xib; name = Base; path = Base.lproj/LaunchScreen.xib; sourceTree = "<group>"; };
		8016A4951A8028CC004D8D3A /* GitHubNetworkingTests.xctest */ = {isa = PBXFileReference; explicitFileType = wrapper.cfbundle; includeInIndex = 0; path = GitHubNetworkingTests.xctest; sourceTree = BUILT_PRODUCTS_DIR; };
		8016A49A1A8028CC004D8D3A /* Info.plist */ = {isa = PBXFileReference; lastKnownFileType = text.plist.xml; path = Info.plist; sourceTree = "<group>"; };
		8016A49B1A8028CC004D8D3A /* GitHubNetworkingTests.m */ = {isa = PBXFileReference; lastKnownFileType = sourcecode.c.objc; path = GitHubNetworkingTests.m; sourceTree = "<group>"; };
/* End PBXFileReference section */

/* Begin PBXFrameworksBuildPhase section */
		8016A4791A8028CB004D8D3A /* Frameworks */ = {
			isa = PBXFrameworksBuildPhase;
			buildActionMask = 2147483647;
			files = (
			);
			runOnlyForDeploymentPostprocessing = 0;
		};
		8016A4921A8028CC004D8D3A /* Frameworks */ = {
			isa = PBXFrameworksBuildPhase;
			buildActionMask = 2147483647;
			files = (
			);
			runOnlyForDeploymentPostprocessing = 0;
		};
/* End PBXFrameworksBuildPhase section */

/* Begin PBXGroup section */
		8016A4731A8028CB004D8D3A = {
			isa = PBXGroup;
			children = (
				8016A47E1A8028CC004D8D3A /* GitHubNetworking */,
				8016A4981A8028CC004D8D3A /* GitHubNetworkingTests */,
				8016A47D1A8028CC004D8D3A /* Products */,
			);
			sourceTree = "<group>";
		};
		8016A47D1A8028CC004D8D3A /* Products */ = {
			isa = PBXGroup;
			children = (
				8016A47C1A8028CC004D8D3A /* GitHubNetworking.app */,
				8016A4951A8028CC004D8D3A /* GitHubNetworkingTests.xctest */,
			);
			name = Products;
			sourceTree = "<group>";
		};
		8016A47E1A8028CC004D8D3A /* GitHubNetworking */ = {
			isa = PBXGroup;
			children = (
				8016A4831A8028CC004D8D3A /* AppDelegate.h */,
				8016A4841A8028CC004D8D3A /* AppDelegate.m */,
				8016A4861A8028CC004D8D3A /* ViewController.h */,
				8016A4871A8028CC004D8D3A /* ViewController.m */,
				8016A4891A8028CC004D8D3A /* Main.storyboard */,
				8016A48C1A8028CC004D8D3A /* Images.xcassets */,
				8016A48E1A8028CC004D8D3A /* LaunchScreen.xib */,
				8016A47F1A8028CC004D8D3A /* Supporting Files */,
			);
			path = GitHubNetworking;
			sourceTree = "<group>";
		};
		8016A47F1A8028CC004D8D3A /* Supporting Files */ = {
			isa = PBXGroup;
			children = (
				8016A4801A8028CC004D8D3A /* Info.plist */,
				8016A4811A8028CC004D8D3A /* main.m */,
			);
			name = "Supporting Files";
			sourceTree = "<group>";
		};
		8016A4981A8028CC004D8D3A /* GitHubNetworkingTests */ = {
			isa = PBXGroup;
			children = (
				8016A49B1A8028CC004D8D3A /* GitHubNetworkingTests.m */,
				8016A4991A8028CC004D8D3A /* Supporting Files */,
			);
			path = GitHubNetworkingTests;
			sourceTree = "<group>";
		};
		8016A4991A8028CC004D8D3A /* Supporting Files */ = {
			isa = PBXGroup;
			children = (
				8016A49A1A8028CC004D8D3A /* Info.plist */,
			);
			name = "Supporting Files";
			sourceTree = "<group>";
		};
/* End PBXGroup section */

/* Begin PBXNativeTarget section */
		8016A47B1A8028CB004D8D3A /* GitHubNetworking */ = {
			isa = PBXNativeTarget;
			buildConfigurationList = 8016A49F1A8028CC004D8D3A /* Build configuration list for PBXNativeTarget "GitHubNetworking" */;
			buildPhases = (
				8016A4781A8028CB004D8D3A /* Sources */,
				8016A4791A8028CB004D8D3A /* Frameworks */,
				8016A47A1A8028CB004D8D3A /* Resources */,
			);
			buildRules = (
			);
			dependencies = (
			);
			name = GitHubNetworking;
			productName = GitHubNetworking;
			productReference = 8016A47C1A8028CC004D8D3A /* GitHubNetworking.app */;
			productType = "com.apple.product-type.application";
		};
		8016A4941A8028CC004D8D3A /* GitHubNetworkingTests */ = {
			isa = PBXNativeTarget;
			buildConfigurationList = 8016A4A21A8028CC004D8D3A /* Build configuration list for PBXNativeTarget "GitHubNetworkingTests" */;
			buildPhases = (
				8016A4911A8028CC004D8D3A /* Sources */,
				8016A4921A8028CC004D8D3A /* Frameworks */,
				8016A4931A8028CC004D8D3A /* Resources */,
			);
			buildRules = (
			);
			dependencies = (
				8016A4971A8028CC004D8D3A /* PBXTargetDependency */,
			);
			name = GitHubNetworkingTests;
			productName = GitHubNetworkingTests;
			productReference = 8016A4951A8028CC004D8D3A /* GitHubNetworkingTests.xctest */;
			productType = "com.apple.product-type.bundle.unit-test";
		};
/* End PBXNativeTarget section */

/* Begin PBXProject section */
		8016A4741A8028CB004D8D3A /* Project object */ = {
			isa = PBXProject;
			attributes = {
				LastUpgradeCheck = 0610;
				ORGANIZATIONNAME = LowriDevs;
				TargetAttributes = {
					8016A47B1A8028CB004D8D3A = {
						CreatedOnToolsVersion = 6.1.1;
					};
					8016A4941A8028CC004D8D3A = {
						CreatedOnToolsVersion = 6.1.1;
						TestTargetID = 8016A47B1A8028CB004D8D3A;
					};
				};
			};
			buildConfigurationList = 8016A4771A8028CB004D8D3A /* Build configuration list for PBXProject "GitHubNetworking" */;
			compatibilityVersion = "Xcode 3.2";
			developmentRegion = English;
			hasScannedForEncodings = 0;
			knownRegions = (
				en,
				Base,
			);
			mainGroup = 8016A4731A8028CB004D8D3A;
			productRefGroup = 8016A47D1A8028CC004D8D3A /* Products */;
			projectDirPath = "";
			projectRoot = "";
			targets = (
				8016A47B1A8028CB004D8D3A /* GitHubNetworking */,
				8016A4941A8028CC004D8D3A /* GitHubNetworkingTests */,
			);
		};
/* End PBXProject section */

/* Begin PBXResourcesBuildPhase section */
		8016A47A1A8028CB004D8D3A /* Resources */ = {
			isa = PBXResourcesBuildPhase;
			buildActionMask = 2147483647;
			files = (
				8016A48B1A8028CC004D8D3A /* Main.storyboard in Resources */,
				8016A4901A8028CC004D8D3A /* LaunchScreen.xib in Resources */,
				8016A48D1A8028CC004D8D3A /* Images.xcassets in Resources */,
			);
			runOnlyForDeploymentPostprocessing = 0;
		};
		8016A4931A8028CC004D8D3A /* Resources */ = {
			isa = PBXResourcesBuildPhase;
			buildActionMask = 2147483647;
			files = (
			);
			runOnlyForDeploymentPostprocessing = 0;
		};
/* End PBXResourcesBuildPhase section */

/* Begin PBXSourcesBuildPhase section */
		8016A4781A8028CB004D8D3A /* Sources */ = {
			isa = PBXSourcesBuildPhase;
			buildActionMask = 2147483647;
			files = (
				8016A4881A8028CC004D8D3A /* ViewController.m in Sources */,
				8016A4851A8028CC004D8D3A /* AppDelegate.m in Sources */,
				8016A4821A8028CC004D8D3A /* main.m in Sources */,
			);
			runOnlyForDeploymentPostprocessing = 0;
		};
		8016A4911A8028CC004D8D3A /* Sources */ = {
			isa = PBXSourcesBuildPhase;
			buildActionMask = 2147483647;
			files = (
				8016A49C1A8028CC004D8D3A /* GitHubNetworkingTests.m in Sources */,
			);
			runOnlyForDeploymentPostprocessing = 0;
		};
/* End PBXSourcesBuildPhase section */

/* Begin PBXTargetDependency section */
		8016A4971A8028CC004D8D3A /* PBXTargetDependency */ = {
			isa = PBXTargetDependency;
			target = 8016A47B1A8028CB004D8D3A /* GitHubNetworking */;
			targetProxy = 8016A4961A8028CC004D8D3A /* PBXContainerItemProxy */;
		};
/* End PBXTargetDependency section */

/* Begin PBXVariantGroup section */
		8016A4891A8028CC004D8D3A /* Main.storyboard */ = {
			isa = PBXVariantGroup;
			children = (
				8016A48A1A8028CC004D8D3A /* Base */,
			);
			name = Main.storyboard;
			sourceTree = "<group>";
		};
		8016A48E1A8028CC004D8D3A /* LaunchScreen.xib */ = {
			isa = PBXVariantGroup;
			children = (
				8016A48F1A8028CC004D8D3A /* Base */,
			);
			name = LaunchScreen.xib;
			sourceTree = "<group>";
		};
/* End PBXVariantGroup section */

/* Begin XCBuildConfiguration section */
		8016A49D1A8028CC004D8D3A /* Debug */ = {
			isa = XCBuildConfiguration;
			buildSettings = {
				ALWAYS_SEARCH_USER_PATHS = NO;
				CLANG_CXX_LANGUAGE_STANDARD = "gnu++0x";
				CLANG_CXX_LIBRARY = "libc++";
				CLANG_ENABLE_MODULES = YES;
				CLANG_ENABLE_OBJC_ARC = YES;
				CLANG_WARN_BOOL_CONVERSION = YES;
				CLANG_WARN_CONSTANT_CONVERSION = YES;
				CLANG_WARN_DIRECT_OBJC_ISA_USAGE = YES_ERROR;
				CLANG_WARN_EMPTY_BODY = YES;
				CLANG_WARN_ENUM_CONVERSION = YES;
				CLANG_WARN_INT_CONVERSION = YES;
				CLANG_WARN_OBJC_ROOT_CLASS = YES_ERROR;
				CLANG_WARN_UNREACHABLE_CODE = YES;
				CLANG_WARN__DUPLICATE_METHOD_MATCH = YES;
				"CODE_SIGN_IDENTITY[sdk=iphoneos*]" = "iPhone Developer";
				COPY_PHASE_STRIP = NO;
				ENABLE_STRICT_OBJC_MSGSEND = YES;
				GCC_C_LANGUAGE_STANDARD = gnu99;
				GCC_DYNAMIC_NO_PIC = NO;
				GCC_OPTIMIZATION_LEVEL = 0;
				GCC_PREPROCESSOR_DEFINITIONS = (
					"DEBUG=1",
					"$(inherited)",
				);
				GCC_SYMBOLS_PRIVATE_EXTERN = NO;
				GCC_WARN_64_TO_32_BIT_CONVERSION = YES;
				GCC_WARN_ABOUT_RETURN_TYPE = YES_ERROR;
				GCC_WARN_UNDECLARED_SELECTOR = YES;
				GCC_WARN_UNINITIALIZED_AUTOS = YES_AGGRESSIVE;
				GCC_WARN_UNUSED_FUNCTION = YES;
				GCC_WARN_UNUSED_VARIABLE = YES;
				IPHONEOS_DEPLOYMENT_TARGET = 8.1;
				MTL_ENABLE_DEBUG_INFO = YES;
				ONLY_ACTIVE_ARCH = YES;
				SDKROOT = iphoneos;
			};
			name = Debug;
		};
		8016A49E1A8028CC004D8D3A /* Release */ = {
			isa = XCBuildConfiguration;
			buildSettings = {
				ALWAYS_SEARCH_USER_PATHS = NO;
				CLANG_CXX_LANGUAGE_STANDARD = "gnu++0x";
				CLANG_CXX_LIBRARY = "libc++";
				CLANG_ENABLE_MODULES = YES;
				CLANG_ENABLE_OBJC_ARC = YES;
				CLANG_WARN_BOOL_CONVERSION = YES;
				CLANG_WARN_CONSTANT_CONVERSION = YES;
				CLANG_WARN_DIRECT_OBJC_ISA_USAGE = YES_ERROR;
				CLANG_WARN_EMPTY_BODY = YES;
				CLANG_WARN_ENUM_CONVERSION = YES;
				CLANG_WARN_INT_CONVERSION = YES;
				CLANG_WARN_OBJC_ROOT_CLASS = YES_ERROR;
				CLANG_WARN_UNREACHABLE_CODE = YES;
				CLANG_WARN__DUPLICATE_METHOD_MATCH = YES;
				"CODE_SIGN_IDENTITY[sdk=iphoneos*]" = "iPhone Developer";
				COPY_PHASE_STRIP = YES;
				ENABLE_NS_ASSERTIONS = NO;
				ENABLE_STRICT_OBJC_MSGSEND = YES;
				GCC_C_LANGUAGE_STANDARD = gnu99;
				GCC_WARN_64_TO_32_BIT_CONVERSION = YES;
				GCC_WARN_ABOUT_RETURN_TYPE = YES_ERROR;
				GCC_WARN_UNDECLARED_SELECTOR = YES;
				GCC_WARN_UNINITIALIZED_AUTOS = YES_AGGRESSIVE;
				GCC_WARN_UNUSED_FUNCTION = YES;
				GCC_WARN_UNUSED_VARIABLE = YES;
				IPHONEOS_DEPLOYMENT_TARGET = 8.1;
				MTL_ENABLE_DEBUG_INFO = NO;
				SDKROOT = iphoneos;
				VALIDATE_PRODUCT = YES;
			};
			name = Release;
		};
		8016A4A01A8028CC004D8D3A /* Debug */ = {
			isa = XCBuildConfiguration;
			buildSettings = {
				ASSETCATALOG_COMPILER_APPICON_NAME = AppIcon;
				INFOPLIST_FILE = GitHubNetworking/Info.plist;
				LD_RUNPATH_SEARCH_PATHS = "$(inherited) @executable_path/Frameworks";
				PRODUCT_NAME = "$(TARGET_NAME)";
			};
			name = Debug;
		};
		8016A4A11A8028CC004D8D3A /* Release */ = {
			isa = XCBuildConfiguration;
			buildSettings = {
				ASSETCATALOG_COMPILER_APPICON_NAME = AppIcon;
				INFOPLIST_FILE = GitHubNetworking/Info.plist;
				LD_RUNPATH_SEARCH_PATHS = "$(inherited) @executable_path/Frameworks";
				PRODUCT_NAME = "$(TARGET_NAME)";
			};
			name = Release;
		};
		8016A4A31A8028CC004D8D3A /* Debug */ = {
			isa = XCBuildConfiguration;
			buildSettings = {
				BUNDLE_LOADER = "$(TEST_HOST)";
				FRAMEWORK_SEARCH_PATHS = (
					"$(SDKROOT)/Developer/Library/Frameworks",
					"$(inherited)",
				);
				GCC_PREPROCESSOR_DEFINITIONS = (
					"DEBUG=1",
					"$(inherited)",
				);
				INFOPLIST_FILE = GitHubNetworkingTests/Info.plist;
				LD_RUNPATH_SEARCH_PATHS = "$(inherited) @executable_path/Frameworks @loader_path/Frameworks";
				PRODUCT_NAME = "$(TARGET_NAME)";
				TEST_HOST = "$(BUILT_PRODUCTS_DIR)/GitHubNetworking.app/GitHubNetworking";
			};
			name = Debug;
		};
		8016A4A41A8028CC004D8D3A /* Release */ = {
			isa = XCBuildConfiguration;
			buildSettings = {
				BUNDLE_LOADER = "$(TEST_HOST)";
				FRAMEWORK_SEARCH_PATHS = (
					"$(SDKROOT)/Developer/Library/Frameworks",
					"$(inherited)",
				);
				INFOPLIST_FILE = GitHubNetworkingTests/Info.plist;
				LD_RUNPATH_SEARCH_PATHS = "$(inherited) @executable_path/Frameworks @loader_path/Frameworks";
				PRODUCT_NAME = "$(TARGET_NAME)";
				TEST_HOST = "$(BUILT_PRODUCTS_DIR)/GitHubNetworking.app/GitHubNetworking";
			};
			name = Release;
		};
/* End XCBuildConfiguration section */

/* Begin XCConfigurationList section */
		8016A4771A8028CB004D8D3A /* Build configuration list for PBXProject "GitHubNetworking" */ = {
			isa = XCConfigurationList;
			buildConfigurations = (
				8016A49D1A8028CC004D8D3A /* Debug */,
				8016A49E1A8028CC004D8D3A /* Release */,
			);
			defaultConfigurationIsVisible = 0;
			defaultConfigurationName = Release;
		};
		8016A49F1A8028CC004D8D3A /* Build configuration list for PBXNativeTarget "GitHubNetworking" */ = {
			isa = XCConfigurationList;
			buildConfigurations = (
				8016A4A01A8028CC004D8D3A /* Debug */,
				8016A4A11A8028CC004D8D3A /* Release */,
			);
			defaultConfigurationIsVisible = 0;
		};
		8016A4A21A8028CC004D8D3A /* Build configuration list for PBXNativeTarget "GitHubNetworkingTests" */ = {
			isa = XCConfigurationList;
			buildConfigurations = (
				8016A4A31A8028CC004D8D3A /* Debug */,
				8016A4A41A8028CC004D8D3A /* Release */,
			);
			defaultConfigurationIsVisible = 0;
		};
/* End XCConfigurationList section */
	};
	rootObject = 8016A4741A8028CB004D8D3A /* Project object */;
}
